// !$*UTF8*$!
{
	archiveVersion = 1;
	classes = {
	};
	objectVersion = 46;
	objects = {

/* Begin PBXBuildFile section */
		59689A301D9D533800A1CE9E /* AppDelegate.swift in Sources */ = {isa = PBXBuildFile; fileRef = 59689A2F1D9D533800A1CE9E /* AppDelegate.swift */; };
		59689A321D9D533800A1CE9E /* ViewController.swift in Sources */ = {isa = PBXBuildFile; fileRef = 59689A311D9D533800A1CE9E /* ViewController.swift */; };
		59689A351D9D533800A1CE9E /* Main.storyboard in Resources */ = {isa = PBXBuildFile; fileRef = 59689A331D9D533800A1CE9E /* Main.storyboard */; };
		59689A371D9D533800A1CE9E /* Assets.xcassets in Resources */ = {isa = PBXBuildFile; fileRef = 59689A361D9D533800A1CE9E /* Assets.xcassets */; };
		59689A3A1D9D533800A1CE9E /* LaunchScreen.storyboard in Resources */ = {isa = PBXBuildFile; fileRef = 59689A381D9D533800A1CE9E /* LaunchScreen.storyboard */; };
/* End PBXBuildFile section */

/* Begin PBXFileReference section */
		59689A2C1D9D533800A1CE9E /* World Domination.app */ = {isa = PBXFileReference; explicitFileType = wrapper.application; includeInIndex = 0; path = "World Domination.app"; sourceTree = BUILT_PRODUCTS_DIR; };
		59689A2F1D9D533800A1CE9E /* AppDelegate.swift */ = {isa = PBXFileReference; lastKnownFileType = sourcecode.swift; path = AppDelegate.swift; sourceTree = "<group>"; };
		59689A311D9D533800A1CE9E /* ViewController.swift */ = {isa = PBXFileReference; lastKnownFileType = sourcecode.swift; path = ViewController.swift; sourceTree = "<group>"; };
		59689A341D9D533800A1CE9E /* Base */ = {isa = PBXFileReference; lastKnownFileType = file.storyboard; name = Base; path = Base.lproj/Main.storyboard; sourceTree = "<group>"; };
		59689A361D9D533800A1CE9E /* Assets.xcassets */ = {isa = PBXFileReference; lastKnownFileType = folder.assetcatalog; path = Assets.xcassets; sourceTree = "<group>"; };
		59689A391D9D533800A1CE9E /* Base */ = {isa = PBXFileReference; lastKnownFileType = file.storyboard; name = Base; path = Base.lproj/LaunchScreen.storyboard; sourceTree = "<group>"; };
		59689A3B1D9D533800A1CE9E /* Info.plist */ = {isa = PBXFileReference; lastKnownFileType = text.plist.xml; path = Info.plist; sourceTree = "<group>"; };
/* End PBXFileReference section */

/* Begin PBXFrameworksBuildPhase section */
		59689A291D9D533800A1CE9E /* Frameworks */ = {
			isa = PBXFrameworksBuildPhase;
			buildActionMask = 2147483647;
			files = (
			);
			runOnlyForDeploymentPostprocessing = 0;
		};
/* End PBXFrameworksBuildPhase section */

/* Begin PBXGroup section */
		59689A231D9D533800A1CE9E = {
			isa = PBXGroup;
			children = (
				59689A2E1D9D533800A1CE9E /* World Domination */,
				59689A2D1D9D533800A1CE9E /* Products */,
			);
			sourceTree = "<group>";
		};
		59689A2D1D9D533800A1CE9E /* Products */ = {
			isa = PBXGroup;
			children = (
				59689A2C1D9D533800A1CE9E /* World Domination.app */,
			);
			name = Products;
			sourceTree = "<group>";
		};
		59689A2E1D9D533800A1CE9E /* World Domination */ = {
			isa = PBXGroup;
			children = (
				59689A2F1D9D533800A1CE9E /* AppDelegate.swift */,
				59689A311D9D533800A1CE9E /* ViewController.swift */,
				59689A331D9D533800A1CE9E /* Main.storyboard */,
				59689A361D9D533800A1CE9E /* Assets.xcassets */,
				59689A381D9D533800A1CE9E /* LaunchScreen.storyboard */,
				59689A3B1D9D533800A1CE9E /* Info.plist */,
			);
			path = "World Domination";
			sourceTree = "<group>";
		};
/* End PBXGroup section */

/* Begin PBXNativeTarget section */
		59689A2B1D9D533800A1CE9E /* World Domination */ = {
			isa = PBXNativeTarget;
			buildConfigurationList = 59689A3E1D9D533800A1CE9E /* Build configuration list for PBXNativeTarget "World Domination" */;
			buildPhases = (
				59689A281D9D533800A1CE9E /* Sources */,
				59689A291D9D533800A1CE9E /* Frameworks */,
				59689A2A1D9D533800A1CE9E /* Resources */,
			);
			buildRules = (
			);
			dependencies = (
			);
			name = "World Domination";
			productName = "World Domination";
			productReference = 59689A2C1D9D533800A1CE9E /* World Domination.app */;
			productType = "com.apple.product-type.application";
		};
/* End PBXNativeTarget section */

/* Begin PBXProject section */
		59689A241D9D533800A1CE9E /* Project object */ = {
			isa = PBXProject;
			attributes = {
				LastSwiftUpdateCheck = 0800;
				LastUpgradeCheck = 0800;
				ORGANIZATIONNAME = "Travis Patton";
				TargetAttributes = {
					59689A2B1D9D533800A1CE9E = {
						CreatedOnToolsVersion = 8.0;
						ProvisioningStyle = Automatic;
					};
				};
			};
			buildConfigurationList = 59689A271D9D533800A1CE9E /* Build configuration list for PBXProject "World Domination" */;
			compatibilityVersion = "Xcode 3.2";
			developmentRegion = English;
			hasScannedForEncodings = 0;
			knownRegions = (
				en,
				Base,
			);
			mainGroup = 59689A231D9D533800A1CE9E;
			productRefGroup = 59689A2D1D9D533800A1CE9E /* Products */;
			projectDirPath = "";
			projectRoot = "";
			targets = (
				59689A2B1D9D533800A1CE9E /* World Domination */,
			);
		};
/* End PBXProject section */

/* Begin PBXResourcesBuildPhase section */
		59689A2A1D9D533800A1CE9E /* Resources */ = {
			isa = PBXResourcesBuildPhase;
			buildActionMask = 2147483647;
			files = (
				59689A3A1D9D533800A1CE9E /* LaunchScreen.storyboard in Resources */,
				59689A371D9D533800A1CE9E /* Assets.xcassets in Resources */,
				59689A351D9D533800A1CE9E /* Main.storyboard in Resources */,
			);
			runOnlyForDeploymentPostprocessing = 0;
		};
/* End PBXResourcesBuildPhase section */

/* Begin PBXSourcesBuildPhase section */
		59689A281D9D533800A1CE9E /* Sources */ = {
			isa = PBXSourcesBuildPhase;
			buildActionMask = 2147483647;
			files = (
				59689A321D9D533800A1CE9E /* ViewController.swift in Sources */,
				59689A301D9D533800A1CE9E /* AppDelegate.swift in Sources */,
			);
			runOnlyForDeploymentPostprocessing = 0;
		};
/* End PBXSourcesBuildPhase section */

/* Begin PBXVariantGroup section */
		59689A331D9D533800A1CE9E /* Main.storyboard */ = {
			isa = PBXVariantGroup;
			children = (
				59689A341D9D533800A1CE9E /* Base */,
			);
			name = Main.storyboard;
			sourceTree = "<group>";
		};
		59689A381D9D533800A1CE9E /* LaunchScreen.storyboard */ = {
			isa = PBXVariantGroup;
			children = (
				59689A391D9D533800A1CE9E /* Base */,
			);
			name = LaunchScreen.storyboard;
			sourceTree = "<group>";
		};
/* End PBXVariantGroup section */

/* Begin XCBuildConfiguration section */
		59689A3C1D9D533800A1CE9E /* Debug */ = {
			isa = XCBuildConfiguration;
			buildSettings = {
				ALWAYS_SEARCH_USER_PATHS = NO;
				CLANG_ANALYZER_NONNULL = YES;
				CLANG_CXX_LANGUAGE_STANDARD = "gnu++0x";
				CLANG_CXX_LIBRARY = "libc++";
				CLANG_ENABLE_MODULES = YES;
				CLANG_ENABLE_OBJC_ARC = YES;
				CLANG_WARN_BOOL_CONVERSION = YES;
				CLANG_WARN_CONSTANT_CONVERSION = YES;
				CLANG_WARN_DIRECT_OBJC_ISA_USAGE = YES_ERROR;
				CLANG_WARN_DOCUMENTATION_COMMENTS = YES;
				CLANG_WARN_EMPTY_BODY = YES;
				CLANG_WARN_ENUM_CONVERSION = YES;
				CLANG_WARN_INFINITE_RECURSION = YES;
				CLANG_WARN_INT_CONVERSION = YES;
				CLANG_WARN_OBJC_ROOT_CLASS = YES_ERROR;
				CLANG_WARN_SUSPICIOUS_MOVES = YES;
				CLANG_WARN_UNREACHABLE_CODE = YES;
				CLANG_WARN__DUPLICATE_METHOD_MATCH = YES;
				"CODE_SIGN_IDENTITY[sdk=iphoneos*]" = "iPhone Developer";
				COPY_PHASE_STRIP = NO;
				DEBUG_INFORMATION_FORMAT = dwarf;
				ENABLE_STRICT_OBJC_MSGSEND = YES;
				ENABLE_TESTABILITY = YES;
				GCC_C_LANGUAGE_STANDARD = gnu99;
				GCC_DYNAMIC_NO_PIC = NO;
				GCC_NO_COMMON_BLOCKS = YES;
				GCC_OPTIMIZATION_LEVEL = 0;
				GCC_PREPROCESSOR_DEFINITIONS = (
					"DEBUG=1",
					"$(inherited)",
				);
				GCC_WARN_64_TO_32_BIT_CONVERSION = YES;
				GCC_WARN_ABOUT_RETURN_TYPE = YES_ERROR;
				GCC_WARN_UNDECLARED_SELECTOR = YES;
				GCC_WARN_UNINITIALIZED_AUTOS = YES_AGGRESSIVE;
				GCC_WARN_UNUSED_FUNCTION = YES;
				GCC_WARN_UNUSED_VARIABLE = YES;
				IPHONEOS_DEPLOYMENT_TARGET = 10.0;
				MTL_ENABLE_DEBUG_INFO = YES;
				ONLY_ACTIVE_ARCH = YES;
				SDKROOT = iphoneos;
				SWIFT_ACTIVE_COMPILATION_CONDITIONS = DEBUG;
				SWIFT_OPTIMIZATION_LEVEL = "-Onone";
				TARGETED_DEVICE_FAMILY = "1,2";
			};
			name = Debug;
		};
		59689A3D1D9D533800A1CE9E /* Release */ = {
			isa = XCBuildConfiguration;
			buildSettings = {
				ALWAYS_SEARCH_USER_PATHS = NO;
				CLANG_ANALYZER_NONNULL = YES;
				CLANG_CXX_LANGUAGE_STANDARD = "gnu++0x";
				CLANG_CXX_LIBRARY = "libc++";
				CLANG_ENABLE_MODULES = YES;
				CLANG_ENABLE_OBJC_ARC = YES;
				CLANG_WARN_BOOL_CONVERSION = YES;
				CLANG_WARN_CONSTANT_CONVERSION = YES;
				CLANG_WARN_DIRECT_OBJC_ISA_USAGE = YES_ERROR;
				CLANG_WARN_DOCUMENTATION_COMMENTS = YES;
				CLANG_WARN_EMPTY_BODY = YES;
				CLANG_WARN_ENUM_CONVERSION = YES;
				CLANG_WARN_INFINITE_RECURSION = YES;
				CLANG_WARN_INT_CONVERSION = YES;
				CLANG_WARN_OBJC_ROOT_CLASS = YES_ERROR;
				CLANG_WARN_SUSPICIOUS_MOVES = YES;
				CLANG_WARN_UNREACHABLE_CODE = YES;
				CLANG_WARN__DUPLICATE_METHOD_MATCH = YES;
				"CODE_SIGN_IDENTITY[sdk=iphoneos*]" = "iPhone Developer";
				COPY_PHASE_STRIP = NO;
				DEBUG_INFORMATION_FORMAT = "dwarf-with-dsym";
				ENABLE_NS_ASSERTIONS = NO;
				ENABLE_STRICT_OBJC_MSGSEND = YES;
				GCC_C_LANGUAGE_STANDARD = gnu99;
				GCC_NO_COMMON_BLOCKS = YES;
				GCC_WARN_64_TO_32_BIT_CONVERSION = YES;
				GCC_WARN_ABOUT_RETURN_TYPE = YES_ERROR;
				GCC_WARN_UNDECLARED_SELECTOR = YES;
				GCC_WARN_UNINITIALIZED_AUTOS = YES_AGGRESSIVE;
				GCC_WARN_UNUSED_FUNCTION = YES;
				GCC_WARN_UNUSED_VARIABLE = YES;
				IPHONEOS_DEPLOYMENT_TARGET = 10.0;
				MTL_ENABLE_DEBUG_INFO = NO;
				SDKROOT = iphoneos;
				SWIFT_OPTIMIZATION_LEVEL = "-Owholemodule";
				TARGETED_DEVICE_FAMILY = "1,2";
				VALIDATE_PRODUCT = YES;
			};
			name = Release;
		};
		59689A3F1D9D533800A1CE9E /* Debug */ = {
			isa = XCBuildConfiguration;
			buildSettings = {
				ASSETCATALOG_COMPILER_APPICON_NAME = AppIcon;
				INFOPLIST_FILE = "World Domination/Info.plist";
				LD_RUNPATH_SEARCH_PATHS = "$(inherited) @executable_path/Frameworks";
				PRODUCT_BUNDLE_IDENTIFIER = "com.travispatton.World-Domination";
				PRODUCT_NAME = "$(TARGET_NAME)";
				SWIFT_VERSION = 3.0;
			};
			name = Debug;
		};
		59689A401D9D533800A1CE9E /* Release */ = {
			isa = XCBuildConfiguration;
			buildSettings = {
				ASSETCATALOG_COMPILER_APPICON_NAME = AppIcon;
				INFOPLIST_FILE = "World Domination/Info.plist";
				LD_RUNPATH_SEARCH_PATHS = "$(inherited) @executable_path/Frameworks";
				PRODUCT_BUNDLE_IDENTIFIER = "com.travispatton.World-Domination";
				PRODUCT_NAME = "$(TARGET_NAME)";
				SWIFT_VERSION = 3.0;
			};
			name = Release;
		};
/* End XCBuildConfiguration section */

/* Begin XCConfigurationList section */
		59689A271D9D533800A1CE9E /* Build configuration list for PBXProject "World Domination" */ = {
			isa = XCConfigurationList;
			buildConfigurations = (
				59689A3C1D9D533800A1CE9E /* Debug */,
				59689A3D1D9D533800A1CE9E /* Release */,
			);
			defaultConfigurationIsVisible = 0;
			defaultConfigurationName = Release;
		};
		59689A3E1D9D533800A1CE9E /* Build configuration list for PBXNativeTarget "World Domination" */ = {
			isa = XCConfigurationList;
			buildConfigurations = (
				59689A3F1D9D533800A1CE9E /* Debug */,
				59689A401D9D533800A1CE9E /* Release */,
			);
			defaultConfigurationIsVisible = 0;
		};
/* End XCConfigurationList section */
	};
	rootObject = 59689A241D9D533800A1CE9E /* Project object */;
}
